
Microsoft Visual Studio Solution File, Format Version 12.00
# Visual Studio Version 17
VisualStudioVersion = 17.0.31903.59
MinimumVisualStudioVersion = 10.0.40219.1
Project("{FAE04EC0-301F-11D3-BF4B-00C04F79EFBC}") = "ECommerce.Domain", "ECommerce.Domain\ECommerce.Domain.csproj", "{1B5A2E77-4889-4631-BA9E-C2BDFD781FC5}"
EndProject
Project("{FAE04EC0-301F-11D3-BF4B-00C04F79EFBC}") = "ECommerce.Application", "ECommerce.Application\ECommerce.Application.csproj", "{F6AC9D1D-22DA-43C0-AE60-8866F99F14D7}"
EndProject
Project("{FAE04EC0-301F-11D3-BF4B-00C04F79EFBC}") = "ECommerce.Infrastructure", "ECommerce.Infrastructure\ECommerce.Infrastructure.csproj", "{6B93C707-5372-4442-92B4-DA5DD16E28B4}"
EndProject
Project("{FAE04EC0-301F-11D3-BF4B-00C04F79EFBC}") = "ECommerce.WebApi", "ECommerce.WebApi\ECommerce.WebApi.csproj", "{B9763875-B474-40F0-918C-5202341C02B6}"
EndProject
Project("{FAE04EC0-301F-11D3-BF4B-00C04F79EFBC}") = "ECommerce.UnitTests", "ECommerce.UnitTests\ECommerce.UnitTests.csproj", "{90F6B770-4B08-493A-8753-E3D1019C1042}"
EndProject
Project("{FAE04EC0-301F-11D3-BF4B-00C04F79EFBC}") = "ECommerce.IntegrationTests", "ECommerce.IntegrationTests\ECommerce.IntegrationTests.csproj", "{6D581CB8-98BC-47AB-8A6F-737D28F42C9D}"
EndProject
Global
	GlobalSection(SolutionConfigurationPlatforms) = preSolution
		Debug|Any CPU = Debug|Any CPU
		Release|Any CPU = Release|Any CPU
	EndGlobalSection
	GlobalSection(SolutionProperties) = preSolution
		HideSolutionNode = FALSE
	EndGlobalSection
	GlobalSection(ProjectConfigurationPlatforms) = postSolution
		{1B5A2E77-4889-4631-BA9E-C2BDFD781FC5}.Debug|Any CPU.ActiveCfg = Debug|Any CPU
		{1B5A2E77-4889-4631-BA9E-C2BDFD781FC5}.Debug|Any CPU.Build.0 = Debug|Any CPU
		{1B5A2E77-4889-4631-BA9E-C2BDFD781FC5}.Release|Any CPU.ActiveCfg = Release|Any CPU
		{1B5A2E77-4889-4631-BA9E-C2BDFD781FC5}.Release|Any CPU.Build.0 = Release|Any CPU
		{F6AC9D1D-22DA-43C0-AE60-8866F99F14D7}.Debug|Any CPU.ActiveCfg = Debug|Any CPU
		{F6AC9D1D-22DA-43C0-AE60-8866F99F14D7}.Debug|Any CPU.Build.0 = Debug|Any CPU
		{F6AC9D1D-22DA-43C0-AE60-8866F99F14D7}.Release|Any CPU.ActiveCfg = Release|Any CPU
		{F6AC9D1D-22DA-43C0-AE60-8866F99F14D7}.Release|Any CPU.Build.0 = Release|Any CPU
		{6B93C707-5372-4442-92B4-DA5DD16E28B4}.Debug|Any CPU.ActiveCfg = Debug|Any CPU
		{6B93C707-5372-4442-92B4-DA5DD16E28B4}.Debug|Any CPU.Build.0 = Debug|Any CPU
		{6B93C707-5372-4442-92B4-DA5DD16E28B4}.Release|Any CPU.ActiveCfg = Release|Any CPU
		{6B93C707-5372-4442-92B4-DA5DD16E28B4}.Release|Any CPU.Build.0 = Release|Any CPU
		{B9763875-B474-40F0-918C-5202341C02B6}.Debug|Any CPU.ActiveCfg = Debug|Any CPU
		{B9763875-B474-40F0-918C-5202341C02B6}.Debug|Any CPU.Build.0 = Debug|Any CPU
		{B9763875-B474-40F0-918C-5202341C02B6}.Release|Any CPU.ActiveCfg = Release|Any CPU
		{B9763875-B474-40F0-918C-5202341C02B6}.Release|Any CPU.Build.0 = Release|Any CPU
		{90F6B770-4B08-493A-8753-E3D1019C1042}.Debug|Any CPU.ActiveCfg = Debug|Any CPU
		{90F6B770-4B08-493A-8753-E3D1019C1042}.Debug|Any CPU.Build.0 = Debug|Any CPU
		{90F6B770-4B08-493A-8753-E3D1019C1042}.Release|Any CPU.ActiveCfg = Release|Any CPU
		{90F6B770-4B08-493A-8753-E3D1019C1042}.Release|Any CPU.Build.0 = Release|Any CPU
		{6D581CB8-98BC-47AB-8A6F-737D28F42C9D}.Debug|Any CPU.ActiveCfg = Debug|Any CPU
		{6D581CB8-98BC-47AB-8A6F-737D28F42C9D}.Debug|Any CPU.Build.0 = Debug|Any CPU
		{6D581CB8-98BC-47AB-8A6F-737D28F42C9D}.Release|Any CPU.ActiveCfg = Release|Any CPU
		{6D581CB8-98BC-47AB-8A6F-737D28F42C9D}.Release|Any CPU.Build.0 = Release|Any CPU
	EndGlobalSection
EndGlobal
